
Microsoft Visual Studio Solution File, Format Version 12.00
# Visual Studio Version 17
VisualStudioVersion = 17.2.32616.157
MinimumVisualStudioVersion = 10.0.40219.1
Project("{FAE04EC0-301F-11D3-BF4B-00C04F79EFBC}") = "Aula 20242202", "Aula 20242202\Aula 20242202.csproj", "{D133E42E-02E9-45B9-9F04-1EAFA3D55FD2}"
EndProject
Global
	GlobalSection(SolutionConfigurationPlatforms) = preSolution
		Debug|Any CPU = Debug|Any CPU
		Release|Any CPU = Release|Any CPU
	EndGlobalSection
	GlobalSection(ProjectConfigurationPlatforms) = postSolution
		{D133E42E-02E9-45B9-9F04-1EAFA3D55FD2}.Debug|Any CPU.ActiveCfg = Debug|Any CPU
		{D133E42E-02E9-45B9-9F04-1EAFA3D55FD2}.Debug|Any CPU.Build.0 = Debug|Any CPU
		{D133E42E-02E9-45B9-9F04-1EAFA3D55FD2}.Release|Any CPU.ActiveCfg = Release|Any CPU
		{D133E42E-02E9-45B9-9F04-1EAFA3D55FD2}.Release|Any CPU.Build.0 = Release|Any CPU
	EndGlobalSection
	GlobalSection(SolutionProperties) = preSolution
		HideSolutionNode = FALSE
	EndGlobalSection
	GlobalSection(ExtensibilityGlobals) = postSolution
		SolutionGuid = {A5890435-B6F2-45BB-8A5B-C46F7A08629D}
	EndGlobalSection
EndGlobal
